
Microsoft Visual Studio Solution File, Format Version 12.00
# Visual Studio Version 17
VisualStudioVersion = 17.11.35327.3
MinimumVisualStudioVersion = 10.0.40219.1
Project("{FAE04EC0-301F-11D3-BF4B-00C04F79EFBC}") = "Project", "Project\Project.csproj", "{907187D2-F6AA-482E-ACBB-0A01BB9663D4}"
EndProject
Project("{FAE04EC0-301F-11D3-BF4B-00C04F79EFBC}") = "Marketplace.Tests", "Marketplace.Tests\Marketplace.Tests.csproj", "{2278EBAC-C14D-466C-810C-9EEF18A26C49}"
EndProject
Global
	GlobalSection(SolutionConfigurationPlatforms) = preSolution
		Debug|Any CPU = Debug|Any CPU
		Release|Any CPU = Release|Any CPU
	EndGlobalSection
	GlobalSection(ProjectConfigurationPlatforms) = postSolution
		{907187D2-F6AA-482E-ACBB-0A01BB9663D4}.Debug|Any CPU.ActiveCfg = Debug|Any CPU
		{907187D2-F6AA-482E-ACBB-0A01BB9663D4}.Debug|Any CPU.Build.0 = Debug|Any CPU
		{907187D2-F6AA-482E-ACBB-0A01BB9663D4}.Release|Any CPU.ActiveCfg = Release|Any CPU
		{907187D2-F6AA-482E-ACBB-0A01BB9663D4}.Release|Any CPU.Build.0 = Release|Any CPU
		{2278EBAC-C14D-466C-810C-9EEF18A26C49}.Debug|Any CPU.ActiveCfg = Debug|Any CPU
		{2278EBAC-C14D-466C-810C-9EEF18A26C49}.Debug|Any CPU.Build.0 = Debug|Any CPU
		{2278EBAC-C14D-466C-810C-9EEF18A26C49}.Release|Any CPU.ActiveCfg = Release|Any CPU
		{2278EBAC-C14D-466C-810C-9EEF18A26C49}.Release|Any CPU.Build.0 = Release|Any CPU
	EndGlobalSection
	GlobalSection(SolutionProperties) = preSolution
		HideSolutionNode = FALSE
	EndGlobalSection
	GlobalSection(ExtensibilityGlobals) = postSolution
		SolutionGuid = {9B54FD27-06D6-4485-893F-74BB58D4FD3D}
	EndGlobalSection
EndGlobal
